{
  "name": "interacter",
  "version": "1.0.3",
  "lockfileVersion": 3,
  "requires": true,
  "packages": {
    "": {
      "name": "interacter",
      "version": "1.0.3",
      "license": "ISC",
      "dependencies": {
        "interacter": "^1.0.2"
      }
    },
    "node_modules/interacter": {
      "version": "1.0.2",
      "resolved": "https://registry.npmjs.org/interacter/-/interacter-1.0.2.tgz",
      "integrity": "sha512-HLf6j8h+q0D0D0Pq7daKyWkSZElllzV/Z5VVi7yx2DM1fpwyOGmSoDTu2dBEfPrjHOvPdbfOD+moX9uxu+p8IQ==",
      "license": "ISC",
      "dependencies": {
        "interacter": "^1.0.0"
      }
    }
  }
}
